
Microsoft Visual Studio Solution File, Format Version 12.00
# Visual Studio 15
VisualStudioVersion = 15.0.28307.1022
MinimumVisualStudioVersion = 10.0.40219.1
Project("{FAE04EC0-301F-11D3-BF4B-00C04F79EFBC}") = "Wallpaper App", "Wallpaper App\Wallpaper App.csproj", "{F64F1C2A-5B57-4ED6-984C-A29526F2C511}"
EndProject
Global
	GlobalSection(SolutionConfigurationPlatforms) = preSolution
		Debug|Any CPU = Debug|Any CPU
		Release|Any CPU = Release|Any CPU
	EndGlobalSection
	GlobalSection(ProjectConfigurationPlatforms) = postSolution
		{F64F1C2A-5B57-4ED6-984C-A29526F2C511}.Debug|Any CPU.ActiveCfg = Debug|Any CPU
		{F64F1C2A-5B57-4ED6-984C-A29526F2C511}.Debug|Any CPU.Build.0 = Debug|Any CPU
		{F64F1C2A-5B57-4ED6-984C-A29526F2C511}.Release|Any CPU.ActiveCfg = Release|Any CPU
		{F64F1C2A-5B57-4ED6-984C-A29526F2C511}.Release|Any CPU.Build.0 = Release|Any CPU
	EndGlobalSection
	GlobalSection(SolutionProperties) = preSolution
		HideSolutionNode = FALSE
	EndGlobalSection
	GlobalSection(ExtensibilityGlobals) = postSolution
		SolutionGuid = {1E33F5A3-D4E5-4BF0-9BE8-2F90B1601AF9}
	EndGlobalSection
EndGlobal
